
Microsoft Visual Studio Solution File, Format Version 12.00
# Visual Studio 2012
Project("{FAE04EC0-301F-11D3-BF4B-00C04F79EFBC}") = "LucidEdge.Core", "LucidEdge.Core.csproj", "{EB3DA4AA-AAD3-4025-A32C-078021254298}"
EndProject
Project("{FAE04EC0-301F-11D3-BF4B-00C04F79EFBC}") = "LucidEdge.Arguments.MapBuilder", "..\LucidEdge.Arguments.MapBuilder\LucidEdge.Arguments.MapBuilder\LucidEdge.Arguments.MapBuilder.csproj", "{68CE5A29-4D6B-4C3D-BEAA-27CB196D3D25}"
EndProject
Project("{FAE04EC0-301F-11D3-BF4B-00C04F79EFBC}") = "LucidEdge.DataBase.Execution", "..\LucidEdge.DataBase.Execution\LucidEdge.DataBase.Execution\LucidEdge.DataBase.Execution.csproj", "{0A8938EB-D28B-4538-8145-2EB2CE40D73D}"
EndProject
Project("{FAE04EC0-301F-11D3-BF4B-00C04F79EFBC}") = "LucidEdge.Html", "..\LucidEdge.Html\LucidEdge.Html\LucidEdge.Html.csproj", "{1BF3BBB2-EBAE-4289-A489-4A59F64EDC4A}"
EndProject
Project("{FAE04EC0-301F-11D3-BF4B-00C04F79EFBC}") = "LucidEdge.Html.Bootstrap", "..\LucidEdge.Html.Bootstrap\LucidEdge.Html.Bootstrap.csproj", "{193E7426-B467-48B2-A859-DA85B28FADBB}"
EndProject
Project("{FAE04EC0-301F-11D3-BF4B-00C04F79EFBC}") = "LucidEdge.Html.ViewOrganization", "..\LucidEdge.Html.ViewOrganization\LucidEdge.Html.ViewOrganization\LucidEdge.Html.ViewOrganization.csproj", "{0CC009BC-D14B-406F-91C3-4F45FEBD56AF}"
EndProject
Project("{FAE04EC0-301F-11D3-BF4B-00C04F79EFBC}") = "LucidEdge.ResourceCombining", "..\LucidEdge.ResourceCombining\LucidEdge.ResourceCombining\LucidEdge.ResourceCombining.csproj", "{B4EC5565-53BE-45A1-8A70-8ED04F7A518E}"
EndProject
Project("{FAE04EC0-301F-11D3-BF4B-00C04F79EFBC}") = "LucidEdge.StringBuilding", "..\LucidEdge.StringBuilding\LucidEdge.StringBuilding\LucidEdge.StringBuilding.csproj", "{10CA2C67-FE80-4D0D-AE8F-9F32910BCA6F}"
EndProject
Project("{FAE04EC0-301F-11D3-BF4B-00C04F79EFBC}") = "LucidEdge.TextAlign", "..\LucidEdge.TextAlign\LucidEdge.TextAlign.csproj", "{0C4D75E2-5035-47C9-9B2F-BDBC42E73389}"
EndProject
Project("{FAE04EC0-301F-11D3-BF4B-00C04F79EFBC}") = "LucidEdge.SimpleLineParser", "..\LucidEdge.SimpleLineParser\LucidEdge.SimpleLineParser\LucidEdge.SimpleLineParser.csproj", "{BCC07532-FD3B-4E1A-9E9A-9B5C28737C8F}"
EndProject
Global
	GlobalSection(SolutionConfigurationPlatforms) = preSolution
		Debug|Any CPU = Debug|Any CPU
		Debug|Mixed Platforms = Debug|Mixed Platforms
		Debug|x86 = Debug|x86
		Release|Any CPU = Release|Any CPU
		Release|Mixed Platforms = Release|Mixed Platforms
		Release|x86 = Release|x86
	EndGlobalSection
	GlobalSection(ProjectConfigurationPlatforms) = postSolution
		{EB3DA4AA-AAD3-4025-A32C-078021254298}.Debug|Any CPU.ActiveCfg = Debug|Any CPU
		{EB3DA4AA-AAD3-4025-A32C-078021254298}.Debug|Any CPU.Build.0 = Debug|Any CPU
		{EB3DA4AA-AAD3-4025-A32C-078021254298}.Debug|Mixed Platforms.ActiveCfg = Debug|Any CPU
		{EB3DA4AA-AAD3-4025-A32C-078021254298}.Debug|Mixed Platforms.Build.0 = Debug|Any CPU
		{EB3DA4AA-AAD3-4025-A32C-078021254298}.Debug|x86.ActiveCfg = Debug|Any CPU
		{EB3DA4AA-AAD3-4025-A32C-078021254298}.Release|Any CPU.ActiveCfg = Release|Any CPU
		{EB3DA4AA-AAD3-4025-A32C-078021254298}.Release|Any CPU.Build.0 = Release|Any CPU
		{EB3DA4AA-AAD3-4025-A32C-078021254298}.Release|Mixed Platforms.ActiveCfg = Release|Any CPU
		{EB3DA4AA-AAD3-4025-A32C-078021254298}.Release|Mixed Platforms.Build.0 = Release|Any CPU
		{EB3DA4AA-AAD3-4025-A32C-078021254298}.Release|x86.ActiveCfg = Release|Any CPU
		{68CE5A29-4D6B-4C3D-BEAA-27CB196D3D25}.Debug|Any CPU.ActiveCfg = Debug|Any CPU
		{68CE5A29-4D6B-4C3D-BEAA-27CB196D3D25}.Debug|Any CPU.Build.0 = Debug|Any CPU
		{68CE5A29-4D6B-4C3D-BEAA-27CB196D3D25}.Debug|Mixed Platforms.ActiveCfg = Debug|Any CPU
		{68CE5A29-4D6B-4C3D-BEAA-27CB196D3D25}.Debug|Mixed Platforms.Build.0 = Debug|Any CPU
		{68CE5A29-4D6B-4C3D-BEAA-27CB196D3D25}.Debug|x86.ActiveCfg = Debug|Any CPU
		{68CE5A29-4D6B-4C3D-BEAA-27CB196D3D25}.Release|Any CPU.ActiveCfg = Release|Any CPU
		{68CE5A29-4D6B-4C3D-BEAA-27CB196D3D25}.Release|Any CPU.Build.0 = Release|Any CPU
		{68CE5A29-4D6B-4C3D-BEAA-27CB196D3D25}.Release|Mixed Platforms.ActiveCfg = Release|Any CPU
		{68CE5A29-4D6B-4C3D-BEAA-27CB196D3D25}.Release|Mixed Platforms.Build.0 = Release|Any CPU
		{68CE5A29-4D6B-4C3D-BEAA-27CB196D3D25}.Release|x86.ActiveCfg = Release|Any CPU
		{0A8938EB-D28B-4538-8145-2EB2CE40D73D}.Debug|Any CPU.ActiveCfg = Debug|Any CPU
		{0A8938EB-D28B-4538-8145-2EB2CE40D73D}.Debug|Any CPU.Build.0 = Debug|Any CPU
		{0A8938EB-D28B-4538-8145-2EB2CE40D73D}.Debug|Mixed Platforms.ActiveCfg = Debug|Any CPU
		{0A8938EB-D28B-4538-8145-2EB2CE40D73D}.Debug|Mixed Platforms.Build.0 = Debug|Any CPU
		{0A8938EB-D28B-4538-8145-2EB2CE40D73D}.Debug|x86.ActiveCfg = Debug|Any CPU
		{0A8938EB-D28B-4538-8145-2EB2CE40D73D}.Release|Any CPU.ActiveCfg = Release|Any CPU
		{0A8938EB-D28B-4538-8145-2EB2CE40D73D}.Release|Any CPU.Build.0 = Release|Any CPU
		{0A8938EB-D28B-4538-8145-2EB2CE40D73D}.Release|Mixed Platforms.ActiveCfg = Release|Any CPU
		{0A8938EB-D28B-4538-8145-2EB2CE40D73D}.Release|Mixed Platforms.Build.0 = Release|Any CPU
		{0A8938EB-D28B-4538-8145-2EB2CE40D73D}.Release|x86.ActiveCfg = Release|Any CPU
		{1BF3BBB2-EBAE-4289-A489-4A59F64EDC4A}.Debug|Any CPU.ActiveCfg = Debug|Any CPU
		{1BF3BBB2-EBAE-4289-A489-4A59F64EDC4A}.Debug|Any CPU.Build.0 = Debug|Any CPU
		{1BF3BBB2-EBAE-4289-A489-4A59F64EDC4A}.Debug|Mixed Platforms.ActiveCfg = Debug|Any CPU
		{1BF3BBB2-EBAE-4289-A489-4A59F64EDC4A}.Debug|Mixed Platforms.Build.0 = Debug|Any CPU
		{1BF3BBB2-EBAE-4289-A489-4A59F64EDC4A}.Debug|x86.ActiveCfg = Debug|Any CPU
		{1BF3BBB2-EBAE-4289-A489-4A59F64EDC4A}.Release|Any CPU.ActiveCfg = Release|Any CPU
		{1BF3BBB2-EBAE-4289-A489-4A59F64EDC4A}.Release|Any CPU.Build.0 = Release|Any CPU
		{1BF3BBB2-EBAE-4289-A489-4A59F64EDC4A}.Release|Mixed Platforms.ActiveCfg = Release|Any CPU
		{1BF3BBB2-EBAE-4289-A489-4A59F64EDC4A}.Release|Mixed Platforms.Build.0 = Release|Any CPU
		{1BF3BBB2-EBAE-4289-A489-4A59F64EDC4A}.Release|x86.ActiveCfg = Release|Any CPU
		{193E7426-B467-48B2-A859-DA85B28FADBB}.Debug|Any CPU.ActiveCfg = Debug|Any CPU
		{193E7426-B467-48B2-A859-DA85B28FADBB}.Debug|Any CPU.Build.0 = Debug|Any CPU
		{193E7426-B467-48B2-A859-DA85B28FADBB}.Debug|Mixed Platforms.ActiveCfg = Debug|Any CPU
		{193E7426-B467-48B2-A859-DA85B28FADBB}.Debug|Mixed Platforms.Build.0 = Debug|Any CPU
		{193E7426-B467-48B2-A859-DA85B28FADBB}.Debug|x86.ActiveCfg = Debug|Any CPU
		{193E7426-B467-48B2-A859-DA85B28FADBB}.Release|Any CPU.ActiveCfg = Release|Any CPU
		{193E7426-B467-48B2-A859-DA85B28FADBB}.Release|Any CPU.Build.0 = Release|Any CPU
		{193E7426-B467-48B2-A859-DA85B28FADBB}.Release|Mixed Platforms.ActiveCfg = Release|Any CPU
		{193E7426-B467-48B2-A859-DA85B28FADBB}.Release|Mixed Platforms.Build.0 = Release|Any CPU
		{193E7426-B467-48B2-A859-DA85B28FADBB}.Release|x86.ActiveCfg = Release|Any CPU
		{0CC009BC-D14B-406F-91C3-4F45FEBD56AF}.Debug|Any CPU.ActiveCfg = Debug|Any CPU
		{0CC009BC-D14B-406F-91C3-4F45FEBD56AF}.Debug|Any CPU.Build.0 = Debug|Any CPU
		{0CC009BC-D14B-406F-91C3-4F45FEBD56AF}.Debug|Mixed Platforms.ActiveCfg = Debug|Any CPU
		{0CC009BC-D14B-406F-91C3-4F45FEBD56AF}.Debug|Mixed Platforms.Build.0 = Debug|Any CPU
		{0CC009BC-D14B-406F-91C3-4F45FEBD56AF}.Debug|x86.ActiveCfg = Debug|Any CPU
		{0CC009BC-D14B-406F-91C3-4F45FEBD56AF}.Release|Any CPU.ActiveCfg = Release|Any CPU
		{0CC009BC-D14B-406F-91C3-4F45FEBD56AF}.Release|Any CPU.Build.0 = Release|Any CPU
		{0CC009BC-D14B-406F-91C3-4F45FEBD56AF}.Release|Mixed Platforms.ActiveCfg = Release|Any CPU
		{0CC009BC-D14B-406F-91C3-4F45FEBD56AF}.Release|Mixed Platforms.Build.0 = Release|Any CPU
		{0CC009BC-D14B-406F-91C3-4F45FEBD56AF}.Release|x86.ActiveCfg = Release|Any CPU
		{B4EC5565-53BE-45A1-8A70-8ED04F7A518E}.Debug|Any CPU.ActiveCfg = Debug|x86
		{B4EC5565-53BE-45A1-8A70-8ED04F7A518E}.Debug|Mixed Platforms.ActiveCfg = Debug|x86
		{B4EC5565-53BE-45A1-8A70-8ED04F7A518E}.Debug|Mixed Platforms.Build.0 = Debug|x86
		{B4EC5565-53BE-45A1-8A70-8ED04F7A518E}.Debug|x86.ActiveCfg = Debug|x86
		{B4EC5565-53BE-45A1-8A70-8ED04F7A518E}.Debug|x86.Build.0 = Debug|x86
		{B4EC5565-53BE-45A1-8A70-8ED04F7A518E}.Release|Any CPU.ActiveCfg = Release|x86
		{B4EC5565-53BE-45A1-8A70-8ED04F7A518E}.Release|Mixed Platforms.ActiveCfg = Release|x86
		{B4EC5565-53BE-45A1-8A70-8ED04F7A518E}.Release|Mixed Platforms.Build.0 = Release|x86
		{B4EC5565-53BE-45A1-8A70-8ED04F7A518E}.Release|x86.ActiveCfg = Release|x86
		{B4EC5565-53BE-45A1-8A70-8ED04F7A518E}.Release|x86.Build.0 = Release|x86
		{10CA2C67-FE80-4D0D-AE8F-9F32910BCA6F}.Debug|Any CPU.ActiveCfg = Debug|Any CPU
		{10CA2C67-FE80-4D0D-AE8F-9F32910BCA6F}.Debug|Any CPU.Build.0 = Debug|Any CPU
		{10CA2C67-FE80-4D0D-AE8F-9F32910BCA6F}.Debug|Mixed Platforms.ActiveCfg = Debug|Any CPU
		{10CA2C67-FE80-4D0D-AE8F-9F32910BCA6F}.Debug|Mixed Platforms.Build.0 = Debug|Any CPU
		{10CA2C67-FE80-4D0D-AE8F-9F32910BCA6F}.Debug|x86.ActiveCfg = Debug|Any CPU
		{10CA2C67-FE80-4D0D-AE8F-9F32910BCA6F}.Release|Any CPU.ActiveCfg = Release|Any CPU
		{10CA2C67-FE80-4D0D-AE8F-9F32910BCA6F}.Release|Any CPU.Build.0 = Release|Any CPU
		{10CA2C67-FE80-4D0D-AE8F-9F32910BCA6F}.Release|Mixed Platforms.ActiveCfg = Release|Any CPU
		{10CA2C67-FE80-4D0D-AE8F-9F32910BCA6F}.Release|Mixed Platforms.Build.0 = Release|Any CPU
		{10CA2C67-FE80-4D0D-AE8F-9F32910BCA6F}.Release|x86.ActiveCfg = Release|Any CPU
		{0C4D75E2-5035-47C9-9B2F-BDBC42E73389}.Debug|Any CPU.ActiveCfg = Debug|x86
		{0C4D75E2-5035-47C9-9B2F-BDBC42E73389}.Debug|Mixed Platforms.ActiveCfg = Debug|x86
		{0C4D75E2-5035-47C9-9B2F-BDBC42E73389}.Debug|Mixed Platforms.Build.0 = Debug|x86
		{0C4D75E2-5035-47C9-9B2F-BDBC42E73389}.Debug|x86.ActiveCfg = Debug|x86
		{0C4D75E2-5035-47C9-9B2F-BDBC42E73389}.Debug|x86.Build.0 = Debug|x86
		{0C4D75E2-5035-47C9-9B2F-BDBC42E73389}.Release|Any CPU.ActiveCfg = Release|x86
		{0C4D75E2-5035-47C9-9B2F-BDBC42E73389}.Release|Mixed Platforms.ActiveCfg = Release|x86
		{0C4D75E2-5035-47C9-9B2F-BDBC42E73389}.Release|Mixed Platforms.Build.0 = Release|x86
		{0C4D75E2-5035-47C9-9B2F-BDBC42E73389}.Release|x86.ActiveCfg = Release|x86
		{0C4D75E2-5035-47C9-9B2F-BDBC42E73389}.Release|x86.Build.0 = Release|x86
		{BCC07532-FD3B-4E1A-9E9A-9B5C28737C8F}.Debug|Any CPU.ActiveCfg = Debug|x86
		{BCC07532-FD3B-4E1A-9E9A-9B5C28737C8F}.Debug|Mixed Platforms.ActiveCfg = Debug|x86
		{BCC07532-FD3B-4E1A-9E9A-9B5C28737C8F}.Debug|Mixed Platforms.Build.0 = Debug|x86
		{BCC07532-FD3B-4E1A-9E9A-9B5C28737C8F}.Debug|x86.ActiveCfg = Debug|x86
		{BCC07532-FD3B-4E1A-9E9A-9B5C28737C8F}.Debug|x86.Build.0 = Debug|x86
		{BCC07532-FD3B-4E1A-9E9A-9B5C28737C8F}.Release|Any CPU.ActiveCfg = Release|x86
		{BCC07532-FD3B-4E1A-9E9A-9B5C28737C8F}.Release|Mixed Platforms.ActiveCfg = Release|x86
		{BCC07532-FD3B-4E1A-9E9A-9B5C28737C8F}.Release|Mixed Platforms.Build.0 = Release|x86
		{BCC07532-FD3B-4E1A-9E9A-9B5C28737C8F}.Release|x86.ActiveCfg = Release|x86
		{BCC07532-FD3B-4E1A-9E9A-9B5C28737C8F}.Release|x86.Build.0 = Release|x86
	EndGlobalSection
	GlobalSection(SolutionProperties) = preSolution
		HideSolutionNode = FALSE
	EndGlobalSection
EndGlobal
