
Microsoft Visual Studio Solution File, Format Version 11.00
# Visual Studio 2010
Project("{FAE04EC0-301F-11D3-BF4B-00C04F79EFBC}") = "LucidEdge.TextAlign", "LucidEdge.TextAlign.csproj", "{0C4D75E2-5035-47C9-9B2F-BDBC42E73389}"
EndProject
Global
	GlobalSection(SolutionConfigurationPlatforms) = preSolution
		Debug|x86 = Debug|x86
		Release|x86 = Release|x86
	EndGlobalSection
	GlobalSection(ProjectConfigurationPlatforms) = postSolution
		{0C4D75E2-5035-47C9-9B2F-BDBC42E73389}.Debug|x86.ActiveCfg = Debug|x86
		{0C4D75E2-5035-47C9-9B2F-BDBC42E73389}.Debug|x86.Build.0 = Debug|x86
		{0C4D75E2-5035-47C9-9B2F-BDBC42E73389}.Release|x86.ActiveCfg = Release|x86
		{0C4D75E2-5035-47C9-9B2F-BDBC42E73389}.Release|x86.Build.0 = Release|x86
	EndGlobalSection
	GlobalSection(SolutionProperties) = preSolution
		HideSolutionNode = FALSE
	EndGlobalSection
EndGlobal
